
Microsoft Visual Studio Solution File, Format Version 12.00
# Visual Studio Version 17
VisualStudioVersion = 17.3.32819.101
MinimumVisualStudioVersion = 10.0.40219.1
Project("{FAE04EC0-301F-11D3-BF4B-00C04F79EFBC}") = "conversor", "conversor\conversor.csproj", "{379DACD9-91CC-47B1-8DE1-2F14EE0EE919}"
EndProject
Global
	GlobalSection(SolutionConfigurationPlatforms) = preSolution
		Debug|Any CPU = Debug|Any CPU
		Release|Any CPU = Release|Any CPU
	EndGlobalSection
	GlobalSection(ProjectConfigurationPlatforms) = postSolution
		{379DACD9-91CC-47B1-8DE1-2F14EE0EE919}.Debug|Any CPU.ActiveCfg = Debug|Any CPU
		{379DACD9-91CC-47B1-8DE1-2F14EE0EE919}.Debug|Any CPU.Build.0 = Debug|Any CPU
		{379DACD9-91CC-47B1-8DE1-2F14EE0EE919}.Release|Any CPU.ActiveCfg = Release|Any CPU
		{379DACD9-91CC-47B1-8DE1-2F14EE0EE919}.Release|Any CPU.Build.0 = Release|Any CPU
	EndGlobalSection
	GlobalSection(SolutionProperties) = preSolution
		HideSolutionNode = FALSE
	EndGlobalSection
	GlobalSection(ExtensibilityGlobals) = postSolution
		SolutionGuid = {AF4512DD-0655-48DF-ACEC-C5D7556384BA}
	EndGlobalSection
EndGlobal
